// !$*UTF8*$!
{
	archiveVersion = 1;
	classes = {
	};
	objectVersion = 55;
	objects = {

/* Begin PBXBuildFile section */
		BBD5677A2701FB11003D0354 /* AppDelegate.swift in Sources */ = {isa = PBXBuildFile; fileRef = BBD567792701FB11003D0354 /* AppDelegate.swift */; };
		BBD5677C2701FB11003D0354 /* SceneDelegate.swift in Sources */ = {isa = PBXBuildFile; fileRef = BBD5677B2701FB11003D0354 /* SceneDelegate.swift */; };
		BBD5677E2701FB11003D0354 /* ViewController.swift in Sources */ = {isa = PBXBuildFile; fileRef = BBD5677D2701FB11003D0354 /* ViewController.swift */; };
		BBD567812701FB11003D0354 /* Main.storyboard in Resources */ = {isa = PBXBuildFile; fileRef = BBD5677F2701FB11003D0354 /* Main.storyboard */; };
		BBD567842701FB11003D0354 /* Weather.xcdatamodeld in Sources */ = {isa = PBXBuildFile; fileRef = BBD567822701FB11003D0354 /* Weather.xcdatamodeld */; };
		BBD567862701FB15003D0354 /* Assets.xcassets in Resources */ = {isa = PBXBuildFile; fileRef = BBD567852701FB15003D0354 /* Assets.xcassets */; };
		BBD567892701FB15003D0354 /* LaunchScreen.storyboard in Resources */ = {isa = PBXBuildFile; fileRef = BBD567872701FB15003D0354 /* LaunchScreen.storyboard */; };
		BBD567942702EAE6003D0354 /* Request.swift in Sources */ = {isa = PBXBuildFile; fileRef = BBD567932702EAE6003D0354 /* Request.swift */; };
		BBD567962702FE0F003D0354 /* View.swift in Sources */ = {isa = PBXBuildFile; fileRef = BBD567952702FE0F003D0354 /* View.swift */; };
		BBD5679827033723003D0354 /* Model.swift in Sources */ = {isa = PBXBuildFile; fileRef = BBD5679727033723003D0354 /* Model.swift */; };
		BBD5679B270361AD003D0354 /* WeatherCell.swift in Sources */ = {isa = PBXBuildFile; fileRef = BBD56799270361AD003D0354 /* WeatherCell.swift */; };
		BBD5679C270361AD003D0354 /* WeatherCell.xib in Resources */ = {isa = PBXBuildFile; fileRef = BBD5679A270361AD003D0354 /* WeatherCell.xib */; };
/* End PBXBuildFile section */

/* Begin PBXFileReference section */
		BBD567762701FB11003D0354 /* Weather.app */ = {isa = PBXFileReference; explicitFileType = wrapper.application; includeInIndex = 0; path = Weather.app; sourceTree = BUILT_PRODUCTS_DIR; };
		BBD567792701FB11003D0354 /* AppDelegate.swift */ = {isa = PBXFileReference; lastKnownFileType = sourcecode.swift; path = AppDelegate.swift; sourceTree = "<group>"; };
		BBD5677B2701FB11003D0354 /* SceneDelegate.swift */ = {isa = PBXFileReference; lastKnownFileType = sourcecode.swift; path = SceneDelegate.swift; sourceTree = "<group>"; };
		BBD5677D2701FB11003D0354 /* ViewController.swift */ = {isa = PBXFileReference; lastKnownFileType = sourcecode.swift; path = ViewController.swift; sourceTree = "<group>"; };
		BBD567802701FB11003D0354 /* Base */ = {isa = PBXFileReference; lastKnownFileType = file.storyboard; name = Base; path = Base.lproj/Main.storyboard; sourceTree = "<group>"; };
		BBD567832701FB11003D0354 /* Weather.xcdatamodel */ = {isa = PBXFileReference; lastKnownFileType = wrapper.xcdatamodel; path = Weather.xcdatamodel; sourceTree = "<group>"; };
		BBD567852701FB15003D0354 /* Assets.xcassets */ = {isa = PBXFileReference; lastKnownFileType = folder.assetcatalog; path = Assets.xcassets; sourceTree = "<group>"; };
		BBD567882701FB15003D0354 /* Base */ = {isa = PBXFileReference; lastKnownFileType = file.storyboard; name = Base; path = Base.lproj/LaunchScreen.storyboard; sourceTree = "<group>"; };
		BBD5678A2701FB15003D0354 /* Info.plist */ = {isa = PBXFileReference; lastKnownFileType = text.plist.xml; path = Info.plist; sourceTree = "<group>"; };
		BBD567932702EAE6003D0354 /* Request.swift */ = {isa = PBXFileReference; lastKnownFileType = sourcecode.swift; path = Request.swift; sourceTree = "<group>"; };
		BBD567952702FE0F003D0354 /* View.swift */ = {isa = PBXFileReference; lastKnownFileType = sourcecode.swift; path = View.swift; sourceTree = "<group>"; };
		BBD5679727033723003D0354 /* Model.swift */ = {isa = PBXFileReference; lastKnownFileType = sourcecode.swift; path = Model.swift; sourceTree = "<group>"; };
		BBD56799270361AD003D0354 /* WeatherCell.swift */ = {isa = PBXFileReference; lastKnownFileType = sourcecode.swift; path = WeatherCell.swift; sourceTree = "<group>"; };
		BBD5679A270361AD003D0354 /* WeatherCell.xib */ = {isa = PBXFileReference; lastKnownFileType = file.xib; path = WeatherCell.xib; sourceTree = "<group>"; };
/* End PBXFileReference section */

/* Begin PBXFrameworksBuildPhase section */
		BBD567732701FB11003D0354 /* Frameworks */ = {
			isa = PBXFrameworksBuildPhase;
			buildActionMask = 2147483647;
			files = (
			);
			runOnlyForDeploymentPostprocessing = 0;
		};
/* End PBXFrameworksBuildPhase section */

/* Begin PBXGroup section */
		BBD5676D2701FB11003D0354 = {
			isa = PBXGroup;
			children = (
				BBD567782701FB11003D0354 /* Weather */,
				BBD567772701FB11003D0354 /* Products */,
			);
			sourceTree = "<group>";
		};
		BBD567772701FB11003D0354 /* Products */ = {
			isa = PBXGroup;
			children = (
				BBD567762701FB11003D0354 /* Weather.app */,
			);
			name = Products;
			sourceTree = "<group>";
		};
		BBD567782701FB11003D0354 /* Weather */ = {
			isa = PBXGroup;
			children = (
				BBD5679227020056003D0354 /* Control */,
				BBD567912702004E003D0354 /* View */,
				BBD5679027020043003D0354 /* Model */,
				BBD567792701FB11003D0354 /* AppDelegate.swift */,
				BBD5677B2701FB11003D0354 /* SceneDelegate.swift */,
				BBD5677F2701FB11003D0354 /* Main.storyboard */,
				BBD567852701FB15003D0354 /* Assets.xcassets */,
				BBD567872701FB15003D0354 /* LaunchScreen.storyboard */,
				BBD5678A2701FB15003D0354 /* Info.plist */,
				BBD567822701FB11003D0354 /* Weather.xcdatamodeld */,
				BBD567932702EAE6003D0354 /* Request.swift */,
			);
			path = Weather;
			sourceTree = "<group>";
		};
		BBD5679027020043003D0354 /* Model */ = {
			isa = PBXGroup;
			children = (
				BBD5679727033723003D0354 /* Model.swift */,
			);
			path = Model;
			sourceTree = "<group>";
		};
		BBD567912702004E003D0354 /* View */ = {
			isa = PBXGroup;
			children = (
				BBD567952702FE0F003D0354 /* View.swift */,
				BBD56799270361AD003D0354 /* WeatherCell.swift */,
				BBD5679A270361AD003D0354 /* WeatherCell.xib */,
			);
			path = View;
			sourceTree = "<group>";
		};
		BBD5679227020056003D0354 /* Control */ = {
			isa = PBXGroup;
			children = (
				BBD5677D2701FB11003D0354 /* ViewController.swift */,
			);
			path = Control;
			sourceTree = "<group>";
		};
/* End PBXGroup section */

/* Begin PBXNativeTarget section */
		BBD567752701FB11003D0354 /* Weather */ = {
			isa = PBXNativeTarget;
			buildConfigurationList = BBD5678D2701FB15003D0354 /* Build configuration list for PBXNativeTarget "Weather" */;
			buildPhases = (
				BBD567722701FB11003D0354 /* Sources */,
				BBD567732701FB11003D0354 /* Frameworks */,
				BBD567742701FB11003D0354 /* Resources */,
			);
			buildRules = (
			);
			dependencies = (
			);
			name = Weather;
			productName = Weather;
			productReference = BBD567762701FB11003D0354 /* Weather.app */;
			productType = "com.apple.product-type.application";
		};
/* End PBXNativeTarget section */

/* Begin PBXProject section */
		BBD5676E2701FB11003D0354 /* Project object */ = {
			isa = PBXProject;
			attributes = {
				BuildIndependentTargetsInParallel = 1;
				LastSwiftUpdateCheck = 1300;
				LastUpgradeCheck = 1300;
				TargetAttributes = {
					BBD567752701FB11003D0354 = {
						CreatedOnToolsVersion = 13.0;
					};
				};
			};
			buildConfigurationList = BBD567712701FB11003D0354 /* Build configuration list for PBXProject "Weather" */;
			compatibilityVersion = "Xcode 13.0";
			developmentRegion = en;
			hasScannedForEncodings = 0;
			knownRegions = (
				en,
				Base,
			);
			mainGroup = BBD5676D2701FB11003D0354;
			productRefGroup = BBD567772701FB11003D0354 /* Products */;
			projectDirPath = "";
			projectRoot = "";
			targets = (
				BBD567752701FB11003D0354 /* Weather */,
			);
		};
/* End PBXProject section */

/* Begin PBXResourcesBuildPhase section */
		BBD567742701FB11003D0354 /* Resources */ = {
			isa = PBXResourcesBuildPhase;
			buildActionMask = 2147483647;
			files = (
				BBD5679C270361AD003D0354 /* WeatherCell.xib in Resources */,
				BBD567892701FB15003D0354 /* LaunchScreen.storyboard in Resources */,
				BBD567862701FB15003D0354 /* Assets.xcassets in Resources */,
				BBD567812701FB11003D0354 /* Main.storyboard in Resources */,
			);
			runOnlyForDeploymentPostprocessing = 0;
		};
/* End PBXResourcesBuildPhase section */

/* Begin PBXSourcesBuildPhase section */
		BBD567722701FB11003D0354 /* Sources */ = {
			isa = PBXSourcesBuildPhase;
			buildActionMask = 2147483647;
			files = (
				BBD5679827033723003D0354 /* Model.swift in Sources */,
				BBD567842701FB11003D0354 /* Weather.xcdatamodeld in Sources */,
				BBD5677E2701FB11003D0354 /* ViewController.swift in Sources */,
				BBD567962702FE0F003D0354 /* View.swift in Sources */,
				BBD5679B270361AD003D0354 /* WeatherCell.swift in Sources */,
				BBD567942702EAE6003D0354 /* Request.swift in Sources */,
				BBD5677A2701FB11003D0354 /* AppDelegate.swift in Sources */,
				BBD5677C2701FB11003D0354 /* SceneDelegate.swift in Sources */,
			);
			runOnlyForDeploymentPostprocessing = 0;
		};
/* End PBXSourcesBuildPhase section */

/* Begin PBXVariantGroup section */
		BBD5677F2701FB11003D0354 /* Main.storyboard */ = {
			isa = PBXVariantGroup;
			children = (
				BBD567802701FB11003D0354 /* Base */,
			);
			name = Main.storyboard;
			sourceTree = "<group>";
		};
		BBD567872701FB15003D0354 /* LaunchScreen.storyboard */ = {
			isa = PBXVariantGroup;
			children = (
				BBD567882701FB15003D0354 /* Base */,
			);
			name = LaunchScreen.storyboard;
			sourceTree = "<group>";
		};
/* End PBXVariantGroup section */

/* Begin XCBuildConfiguration section */
		BBD5678B2701FB15003D0354 /* Debug */ = {
			isa = XCBuildConfiguration;
			buildSettings = {
				ALWAYS_SEARCH_USER_PATHS = NO;
				CLANG_ANALYZER_NONNULL = YES;
				CLANG_ANALYZER_NUMBER_OBJECT_CONVERSION = YES_AGGRESSIVE;
				CLANG_CXX_LANGUAGE_STANDARD = "gnu++17";
				CLANG_CXX_LIBRARY = "libc++";
				CLANG_ENABLE_MODULES = YES;
				CLANG_ENABLE_OBJC_ARC = YES;
				CLANG_ENABLE_OBJC_WEAK = YES;
				CLANG_WARN_BLOCK_CAPTURE_AUTORELEASING = YES;
				CLANG_WARN_BOOL_CONVERSION = YES;
				CLANG_WARN_COMMA = YES;
				CLANG_WARN_CONSTANT_CONVERSION = YES;
				CLANG_WARN_DEPRECATED_OBJC_IMPLEMENTATIONS = YES;
				CLANG_WARN_DIRECT_OBJC_ISA_USAGE = YES_ERROR;
				CLANG_WARN_DOCUMENTATION_COMMENTS = YES;
				CLANG_WARN_EMPTY_BODY = YES;
				CLANG_WARN_ENUM_CONVERSION = YES;
				CLANG_WARN_INFINITE_RECURSION = YES;
				CLANG_WARN_INT_CONVERSION = YES;
				CLANG_WARN_NON_LITERAL_NULL_CONVERSION = YES;
				CLANG_WARN_OBJC_IMPLICIT_RETAIN_SELF = YES;
				CLANG_WARN_OBJC_LITERAL_CONVERSION = YES;
				CLANG_WARN_OBJC_ROOT_CLASS = YES_ERROR;
				CLANG_WARN_QUOTED_INCLUDE_IN_FRAMEWORK_HEADER = YES;
				CLANG_WARN_RANGE_LOOP_ANALYSIS = YES;
				CLANG_WARN_STRICT_PROTOTYPES = YES;
				CLANG_WARN_SUSPICIOUS_MOVE = YES;
				CLANG_WARN_UNGUARDED_AVAILABILITY = YES_AGGRESSIVE;
				CLANG_WARN_UNREACHABLE_CODE = YES;
				CLANG_WARN__DUPLICATE_METHOD_MATCH = YES;
				COPY_PHASE_STRIP = NO;
				DEBUG_INFORMATION_FORMAT = dwarf;
				ENABLE_STRICT_OBJC_MSGSEND = YES;
				ENABLE_TESTABILITY = YES;
				GCC_C_LANGUAGE_STANDARD = gnu11;
				GCC_DYNAMIC_NO_PIC = NO;
				GCC_NO_COMMON_BLOCKS = YES;
				GCC_OPTIMIZATION_LEVEL = 0;
				GCC_PREPROCESSOR_DEFINITIONS = (
					"DEBUG=1",
					"$(inherited)",
				);
				GCC_WARN_64_TO_32_BIT_CONVERSION = YES;
				GCC_WARN_ABOUT_RETURN_TYPE = YES_ERROR;
				GCC_WARN_UNDECLARED_SELECTOR = YES;
				GCC_WARN_UNINITIALIZED_AUTOS = YES_AGGRESSIVE;
				GCC_WARN_UNUSED_FUNCTION = YES;
				GCC_WARN_UNUSED_VARIABLE = YES;
				IPHONEOS_DEPLOYMENT_TARGET = 15.0;
				MTL_ENABLE_DEBUG_INFO = INCLUDE_SOURCE;
				MTL_FAST_MATH = YES;
				ONLY_ACTIVE_ARCH = YES;
				SDKROOT = iphoneos;
				SWIFT_ACTIVE_COMPILATION_CONDITIONS = DEBUG;
				SWIFT_OPTIMIZATION_LEVEL = "-Onone";
			};
			name = Debug;
		};
		BBD5678C2701FB15003D0354 /* Release */ = {
			isa = XCBuildConfiguration;
			buildSettings = {
				ALWAYS_SEARCH_USER_PATHS = NO;
				CLANG_ANALYZER_NONNULL = YES;
				CLANG_ANALYZER_NUMBER_OBJECT_CONVERSION = YES_AGGRESSIVE;
				CLANG_CXX_LANGUAGE_STANDARD = "gnu++17";
				CLANG_CXX_LIBRARY = "libc++";
				CLANG_ENABLE_MODULES = YES;
				CLANG_ENABLE_OBJC_ARC = YES;
				CLANG_ENABLE_OBJC_WEAK = YES;
				CLANG_WARN_BLOCK_CAPTURE_AUTORELEASING = YES;
				CLANG_WARN_BOOL_CONVERSION = YES;
				CLANG_WARN_COMMA = YES;
				CLANG_WARN_CONSTANT_CONVERSION = YES;
				CLANG_WARN_DEPRECATED_OBJC_IMPLEMENTATIONS = YES;
				CLANG_WARN_DIRECT_OBJC_ISA_USAGE = YES_ERROR;
				CLANG_WARN_DOCUMENTATION_COMMENTS = YES;
				CLANG_WARN_EMPTY_BODY = YES;
				CLANG_WARN_ENUM_CONVERSION = YES;
				CLANG_WARN_INFINITE_RECURSION = YES;
				CLANG_WARN_INT_CONVERSION = YES;
				CLANG_WARN_NON_LITERAL_NULL_CONVERSION = YES;
				CLANG_WARN_OBJC_IMPLICIT_RETAIN_SELF = YES;
				CLANG_WARN_OBJC_LITERAL_CONVERSION = YES;
				CLANG_WARN_OBJC_ROOT_CLASS = YES_ERROR;
				CLANG_WARN_QUOTED_INCLUDE_IN_FRAMEWORK_HEADER = YES;
				CLANG_WARN_RANGE_LOOP_ANALYSIS = YES;
				CLANG_WARN_STRICT_PROTOTYPES = YES;
				CLANG_WARN_SUSPICIOUS_MOVE = YES;
				CLANG_WARN_UNGUARDED_AVAILABILITY = YES_AGGRESSIVE;
				CLANG_WARN_UNREACHABLE_CODE = YES;
				CLANG_WARN__DUPLICATE_METHOD_MATCH = YES;
				COPY_PHASE_STRIP = NO;
				DEBUG_INFORMATION_FORMAT = "dwarf-with-dsym";
				ENABLE_NS_ASSERTIONS = NO;
				ENABLE_STRICT_OBJC_MSGSEND = YES;
				GCC_C_LANGUAGE_STANDARD = gnu11;
				GCC_NO_COMMON_BLOCKS = YES;
				GCC_WARN_64_TO_32_BIT_CONVERSION = YES;
				GCC_WARN_ABOUT_RETURN_TYPE = YES_ERROR;
				GCC_WARN_UNDECLARED_SELECTOR = YES;
				GCC_WARN_UNINITIALIZED_AUTOS = YES_AGGRESSIVE;
				GCC_WARN_UNUSED_FUNCTION = YES;
				GCC_WARN_UNUSED_VARIABLE = YES;
				IPHONEOS_DEPLOYMENT_TARGET = 15.0;
				MTL_ENABLE_DEBUG_INFO = NO;
				MTL_FAST_MATH = YES;
				SDKROOT = iphoneos;
				SWIFT_COMPILATION_MODE = wholemodule;
				SWIFT_OPTIMIZATION_LEVEL = "-O";
				VALIDATE_PRODUCT = YES;
			};
			name = Release;
		};
		BBD5678E2701FB15003D0354 /* Debug */ = {
			isa = XCBuildConfiguration;
			buildSettings = {
				ASSETCATALOG_COMPILER_APPICON_NAME = AppIcon;
				ASSETCATALOG_COMPILER_GLOBAL_ACCENT_COLOR_NAME = AccentColor;
				CODE_SIGN_STYLE = Automatic;
				CURRENT_PROJECT_VERSION = 1;
				DEVELOPMENT_TEAM = 4G4D5WHAZT;
				GENERATE_INFOPLIST_FILE = YES;
				INFOPLIST_FILE = Weather/Info.plist;
				INFOPLIST_KEY_UIApplicationSupportsIndirectInputEvents = YES;
				INFOPLIST_KEY_UILaunchStoryboardName = LaunchScreen;
				INFOPLIST_KEY_UIMainStoryboardFile = Main;
				INFOPLIST_KEY_UISupportedInterfaceOrientations_iPad = "UIInterfaceOrientationPortrait UIInterfaceOrientationPortraitUpsideDown UIInterfaceOrientationLandscapeLeft UIInterfaceOrientationLandscapeRight";
				INFOPLIST_KEY_UISupportedInterfaceOrientations_iPhone = "UIInterfaceOrientationPortrait UIInterfaceOrientationLandscapeLeft UIInterfaceOrientationLandscapeRight";
				LD_RUNPATH_SEARCH_PATHS = (
					"$(inherited)",
					"@executable_path/Frameworks",
				);
				MARKETING_VERSION = 1.0;
				PRODUCT_BUNDLE_IDENTIFIER = local.Weather;
				PRODUCT_NAME = "$(TARGET_NAME)";
				SWIFT_EMIT_LOC_STRINGS = YES;
				SWIFT_VERSION = 5.0;
				TARGETED_DEVICE_FAMILY = "1,2";
			};
			name = Debug;
		};
		BBD5678F2701FB15003D0354 /* Release */ = {
			isa = XCBuildConfiguration;
			buildSettings = {
				ASSETCATALOG_COMPILER_APPICON_NAME = AppIcon;
				ASSETCATALOG_COMPILER_GLOBAL_ACCENT_COLOR_NAME = AccentColor;
				CODE_SIGN_STYLE = Automatic;
				CURRENT_PROJECT_VERSION = 1;
				DEVELOPMENT_TEAM = 4G4D5WHAZT;
				GENERATE_INFOPLIST_FILE = YES;
				INFOPLIST_FILE = Weather/Info.plist;
				INFOPLIST_KEY_UIApplicationSupportsIndirectInputEvents = YES;
				INFOPLIST_KEY_UILaunchStoryboardName = LaunchScreen;
				INFOPLIST_KEY_UIMainStoryboardFile = Main;
				INFOPLIST_KEY_UISupportedInterfaceOrientations_iPad = "UIInterfaceOrientationPortrait UIInterfaceOrientationPortraitUpsideDown UIInterfaceOrientationLandscapeLeft UIInterfaceOrientationLandscapeRight";
				INFOPLIST_KEY_UISupportedInterfaceOrientations_iPhone = "UIInterfaceOrientationPortrait UIInterfaceOrientationLandscapeLeft UIInterfaceOrientationLandscapeRight";
				LD_RUNPATH_SEARCH_PATHS = (
					"$(inherited)",
					"@executable_path/Frameworks",
				);
				MARKETING_VERSION = 1.0;
				PRODUCT_BUNDLE_IDENTIFIER = local.Weather;
				PRODUCT_NAME = "$(TARGET_NAME)";
				SWIFT_EMIT_LOC_STRINGS = YES;
				SWIFT_VERSION = 5.0;
				TARGETED_DEVICE_FAMILY = "1,2";
			};
			name = Release;
		};
/* End XCBuildConfiguration section */

/* Begin XCConfigurationList section */
		BBD567712701FB11003D0354 /* Build configuration list for PBXProject "Weather" */ = {
			isa = XCConfigurationList;
			buildConfigurations = (
				BBD5678B2701FB15003D0354 /* Debug */,
				BBD5678C2701FB15003D0354 /* Release */,
			);
			defaultConfigurationIsVisible = 0;
			defaultConfigurationName = Release;
		};
		BBD5678D2701FB15003D0354 /* Build configuration list for PBXNativeTarget "Weather" */ = {
			isa = XCConfigurationList;
			buildConfigurations = (
				BBD5678E2701FB15003D0354 /* Debug */,
				BBD5678F2701FB15003D0354 /* Release */,
			);
			defaultConfigurationIsVisible = 0;
			defaultConfigurationName = Release;
		};
/* End XCConfigurationList section */

/* Begin XCVersionGroup section */
		BBD567822701FB11003D0354 /* Weather.xcdatamodeld */ = {
			isa = XCVersionGroup;
			children = (
				BBD567832701FB11003D0354 /* Weather.xcdatamodel */,
			);
			currentVersion = BBD567832701FB11003D0354 /* Weather.xcdatamodel */;
			path = Weather.xcdatamodeld;
			sourceTree = "<group>";
			versionGroupType = wrapper.xcdatamodel;
		};
/* End XCVersionGroup section */
	};
	rootObject = BBD5676E2701FB11003D0354 /* Project object */;
}
